
Microsoft Visual Studio Solution File, Format Version 12.00
# Visual Studio Version 17
VisualStudioVersion = 17.9.34714.143
MinimumVisualStudioVersion = 10.0.40219.1
Project("{FAE04EC0-301F-11D3-BF4B-00C04F79EFBC}") = "CVApp.Server", "CVApp.Server\CVApp.Server.csproj", "{8791DEB7-3B5E-4741-8714-83BDCC77F00E}"
EndProject
Project("{54A90642-561A-4BB1-A94E-469ADEE60C69}") = "cvapp.client", "cvapp.client\cvapp.client.esproj", "{DFEC6931-E70B-4741-A05D-ACB1767F0733}"
EndProject
Global
	GlobalSection(SolutionConfigurationPlatforms) = preSolution
		Debug|Any CPU = Debug|Any CPU
		Release|Any CPU = Release|Any CPU
	EndGlobalSection
	GlobalSection(ProjectConfigurationPlatforms) = postSolution
		{8791DEB7-3B5E-4741-8714-83BDCC77F00E}.Debug|Any CPU.ActiveCfg = Debug|Any CPU
		{8791DEB7-3B5E-4741-8714-83BDCC77F00E}.Debug|Any CPU.Build.0 = Debug|Any CPU
		{8791DEB7-3B5E-4741-8714-83BDCC77F00E}.Release|Any CPU.ActiveCfg = Release|Any CPU
		{8791DEB7-3B5E-4741-8714-83BDCC77F00E}.Release|Any CPU.Build.0 = Release|Any CPU
		{DFEC6931-E70B-4741-A05D-ACB1767F0733}.Debug|Any CPU.ActiveCfg = Debug|Any CPU
		{DFEC6931-E70B-4741-A05D-ACB1767F0733}.Debug|Any CPU.Build.0 = Debug|Any CPU
		{DFEC6931-E70B-4741-A05D-ACB1767F0733}.Debug|Any CPU.Deploy.0 = Debug|Any CPU
		{DFEC6931-E70B-4741-A05D-ACB1767F0733}.Release|Any CPU.ActiveCfg = Release|Any CPU
		{DFEC6931-E70B-4741-A05D-ACB1767F0733}.Release|Any CPU.Build.0 = Release|Any CPU
		{DFEC6931-E70B-4741-A05D-ACB1767F0733}.Release|Any CPU.Deploy.0 = Release|Any CPU
	EndGlobalSection
	GlobalSection(SolutionProperties) = preSolution
		HideSolutionNode = FALSE
	EndGlobalSection
	GlobalSection(ExtensibilityGlobals) = postSolution
		SolutionGuid = {57103812-B525-42E0-9CD7-20A4F89D0C13}
	EndGlobalSection
EndGlobal
