
Microsoft Visual Studio Solution File, Format Version 12.00
# Visual Studio Version 17
VisualStudioVersion = 17.9.34714.143
MinimumVisualStudioVersion = 10.0.40219.1
Project("{9A19103F-16F7-4668-BE54-9A1E7A4F7556}") = "CVApp.Server", "CVApp.Server\CVApp.Server.csproj", "{C5433DD3-0FD4-4747-B551-45CBF7482696}"
	ProjectSection(ProjectDependencies) = postProject
		{494F101F-85C1-4AA7-968B-E4FF9CF32FA8} = {494F101F-85C1-4AA7-968B-E4FF9CF32FA8}
		{4B897331-99D3-4BDC-AD53-D92E3FA3F4E0} = {4B897331-99D3-4BDC-AD53-D92E3FA3F4E0}
		{8B3B0485-C311-4EC1-96C7-3113451C9015} = {8B3B0485-C311-4EC1-96C7-3113451C9015}
	EndProjectSection
EndProject
Project("{54A90642-561A-4BB1-A94E-469ADEE60C69}") = "cvapp.client", "cvapp.client\cvapp.client.esproj", "{E48726A9-EC58-45C8-8748-48F2F39AC5EA}"
EndProject
Project("{8BC9CEB8-8B4A-11D0-8D11-00A0C91BC942}") = "CSDELPREngine", "CSDELPREngine\CSDELPREngine.vcxproj", "{8B3B0485-C311-4EC1-96C7-3113451C9015}"
EndProject
Project("{8BC9CEB8-8B4A-11D0-8D11-00A0C91BC942}") = "CSUALPREngine", "CSUALPREngine\CSUALPREngine.vcxproj", "{494F101F-85C1-4AA7-968B-E4FF9CF32FA8}"
EndProject
Project("{8BC9CEB8-8B4A-11D0-8D11-00A0C91BC942}") = "CSGTLPREngine", "CSGTLPREngine\CSGTLPREngine.vcxproj", "{4B897331-99D3-4BDC-AD53-D92E3FA3F4E0}"
EndProject
Global
	GlobalSection(SolutionConfigurationPlatforms) = preSolution
		Debug|Any CPU = Debug|Any CPU
		Debug|x64 = Debug|x64
		Debug|x86 = Debug|x86
		Release|Any CPU = Release|Any CPU
		Release|x64 = Release|x64
		Release|x86 = Release|x86
	EndGlobalSection
	GlobalSection(ProjectConfigurationPlatforms) = postSolution
		{C5433DD3-0FD4-4747-B551-45CBF7482696}.Debug|Any CPU.ActiveCfg = Debug|Any CPU
		{C5433DD3-0FD4-4747-B551-45CBF7482696}.Debug|Any CPU.Build.0 = Debug|Any CPU
		{C5433DD3-0FD4-4747-B551-45CBF7482696}.Debug|x64.ActiveCfg = Debug|Any CPU
		{C5433DD3-0FD4-4747-B551-45CBF7482696}.Debug|x64.Build.0 = Debug|Any CPU
		{C5433DD3-0FD4-4747-B551-45CBF7482696}.Debug|x86.ActiveCfg = Debug|Any CPU
		{C5433DD3-0FD4-4747-B551-45CBF7482696}.Debug|x86.Build.0 = Debug|Any CPU
		{C5433DD3-0FD4-4747-B551-45CBF7482696}.Release|Any CPU.ActiveCfg = Release|Any CPU
		{C5433DD3-0FD4-4747-B551-45CBF7482696}.Release|Any CPU.Build.0 = Release|Any CPU
		{C5433DD3-0FD4-4747-B551-45CBF7482696}.Release|x64.ActiveCfg = Release|Any CPU
		{C5433DD3-0FD4-4747-B551-45CBF7482696}.Release|x64.Build.0 = Release|Any CPU
		{C5433DD3-0FD4-4747-B551-45CBF7482696}.Release|x86.ActiveCfg = Release|Any CPU
		{C5433DD3-0FD4-4747-B551-45CBF7482696}.Release|x86.Build.0 = Release|Any CPU
		{E48726A9-EC58-45C8-8748-48F2F39AC5EA}.Debug|Any CPU.ActiveCfg = Debug|Any CPU
		{E48726A9-EC58-45C8-8748-48F2F39AC5EA}.Debug|Any CPU.Build.0 = Debug|Any CPU
		{E48726A9-EC58-45C8-8748-48F2F39AC5EA}.Debug|Any CPU.Deploy.0 = Debug|Any CPU
		{E48726A9-EC58-45C8-8748-48F2F39AC5EA}.Debug|x64.ActiveCfg = Debug|Any CPU
		{E48726A9-EC58-45C8-8748-48F2F39AC5EA}.Debug|x64.Build.0 = Debug|Any CPU
		{E48726A9-EC58-45C8-8748-48F2F39AC5EA}.Debug|x64.Deploy.0 = Debug|Any CPU
		{E48726A9-EC58-45C8-8748-48F2F39AC5EA}.Debug|x86.ActiveCfg = Debug|Any CPU
		{E48726A9-EC58-45C8-8748-48F2F39AC5EA}.Debug|x86.Build.0 = Debug|Any CPU
		{E48726A9-EC58-45C8-8748-48F2F39AC5EA}.Debug|x86.Deploy.0 = Debug|Any CPU
		{E48726A9-EC58-45C8-8748-48F2F39AC5EA}.Release|Any CPU.ActiveCfg = Release|Any CPU
		{E48726A9-EC58-45C8-8748-48F2F39AC5EA}.Release|Any CPU.Build.0 = Release|Any CPU
		{E48726A9-EC58-45C8-8748-48F2F39AC5EA}.Release|Any CPU.Deploy.0 = Release|Any CPU
		{E48726A9-EC58-45C8-8748-48F2F39AC5EA}.Release|x64.ActiveCfg = Release|Any CPU
		{E48726A9-EC58-45C8-8748-48F2F39AC5EA}.Release|x64.Build.0 = Release|Any CPU
		{E48726A9-EC58-45C8-8748-48F2F39AC5EA}.Release|x64.Deploy.0 = Release|Any CPU
		{E48726A9-EC58-45C8-8748-48F2F39AC5EA}.Release|x86.ActiveCfg = Release|Any CPU
		{E48726A9-EC58-45C8-8748-48F2F39AC5EA}.Release|x86.Build.0 = Release|Any CPU
		{E48726A9-EC58-45C8-8748-48F2F39AC5EA}.Release|x86.Deploy.0 = Release|Any CPU
		{8B3B0485-C311-4EC1-96C7-3113451C9015}.Debug|Any CPU.ActiveCfg = Debug|x64
		{8B3B0485-C311-4EC1-96C7-3113451C9015}.Debug|Any CPU.Build.0 = Debug|x64
		{8B3B0485-C311-4EC1-96C7-3113451C9015}.Debug|x64.ActiveCfg = Debug|x64
		{8B3B0485-C311-4EC1-96C7-3113451C9015}.Debug|x64.Build.0 = Debug|x64
		{8B3B0485-C311-4EC1-96C7-3113451C9015}.Debug|x86.ActiveCfg = Debug|Win32
		{8B3B0485-C311-4EC1-96C7-3113451C9015}.Debug|x86.Build.0 = Debug|Win32
		{8B3B0485-C311-4EC1-96C7-3113451C9015}.Release|Any CPU.ActiveCfg = Release|x64
		{8B3B0485-C311-4EC1-96C7-3113451C9015}.Release|Any CPU.Build.0 = Release|x64
		{8B3B0485-C311-4EC1-96C7-3113451C9015}.Release|x64.ActiveCfg = Release|x64
		{8B3B0485-C311-4EC1-96C7-3113451C9015}.Release|x64.Build.0 = Release|x64
		{8B3B0485-C311-4EC1-96C7-3113451C9015}.Release|x86.ActiveCfg = Release|Win32
		{8B3B0485-C311-4EC1-96C7-3113451C9015}.Release|x86.Build.0 = Release|Win32
		{494F101F-85C1-4AA7-968B-E4FF9CF32FA8}.Debug|Any CPU.ActiveCfg = Debug|x64
		{494F101F-85C1-4AA7-968B-E4FF9CF32FA8}.Debug|Any CPU.Build.0 = Debug|x64
		{494F101F-85C1-4AA7-968B-E4FF9CF32FA8}.Debug|x64.ActiveCfg = Debug|x64
		{494F101F-85C1-4AA7-968B-E4FF9CF32FA8}.Debug|x64.Build.0 = Debug|x64
		{494F101F-85C1-4AA7-968B-E4FF9CF32FA8}.Debug|x86.ActiveCfg = Debug|Win32
		{494F101F-85C1-4AA7-968B-E4FF9CF32FA8}.Debug|x86.Build.0 = Debug|Win32
		{494F101F-85C1-4AA7-968B-E4FF9CF32FA8}.Release|Any CPU.ActiveCfg = Release|x64
		{494F101F-85C1-4AA7-968B-E4FF9CF32FA8}.Release|Any CPU.Build.0 = Release|x64
		{494F101F-85C1-4AA7-968B-E4FF9CF32FA8}.Release|x64.ActiveCfg = Release|x64
		{494F101F-85C1-4AA7-968B-E4FF9CF32FA8}.Release|x64.Build.0 = Release|x64
		{494F101F-85C1-4AA7-968B-E4FF9CF32FA8}.Release|x86.ActiveCfg = Release|Win32
		{494F101F-85C1-4AA7-968B-E4FF9CF32FA8}.Release|x86.Build.0 = Release|Win32
		{4B897331-99D3-4BDC-AD53-D92E3FA3F4E0}.Debug|Any CPU.ActiveCfg = Debug|x64
		{4B897331-99D3-4BDC-AD53-D92E3FA3F4E0}.Debug|Any CPU.Build.0 = Debug|x64
		{4B897331-99D3-4BDC-AD53-D92E3FA3F4E0}.Debug|x64.ActiveCfg = Debug|x64
		{4B897331-99D3-4BDC-AD53-D92E3FA3F4E0}.Debug|x64.Build.0 = Debug|x64
		{4B897331-99D3-4BDC-AD53-D92E3FA3F4E0}.Debug|x86.ActiveCfg = Debug|Win32
		{4B897331-99D3-4BDC-AD53-D92E3FA3F4E0}.Debug|x86.Build.0 = Debug|Win32
		{4B897331-99D3-4BDC-AD53-D92E3FA3F4E0}.Release|Any CPU.ActiveCfg = Release|x64
		{4B897331-99D3-4BDC-AD53-D92E3FA3F4E0}.Release|Any CPU.Build.0 = Release|x64
		{4B897331-99D3-4BDC-AD53-D92E3FA3F4E0}.Release|x64.ActiveCfg = Release|x64
		{4B897331-99D3-4BDC-AD53-D92E3FA3F4E0}.Release|x64.Build.0 = Release|x64
		{4B897331-99D3-4BDC-AD53-D92E3FA3F4E0}.Release|x86.ActiveCfg = Release|Win32
		{4B897331-99D3-4BDC-AD53-D92E3FA3F4E0}.Release|x86.Build.0 = Release|Win32
	EndGlobalSection
	GlobalSection(SolutionProperties) = preSolution
		HideSolutionNode = FALSE
	EndGlobalSection
	GlobalSection(ExtensibilityGlobals) = postSolution
		SolutionGuid = {A490425F-C317-4F21-A566-D36ED872D7AB}
	EndGlobalSection
EndGlobal
