
Microsoft Visual Studio Solution File, Format Version 12.00
# Visual Studio Version 17
VisualStudioVersion = 17.9.34714.143
MinimumVisualStudioVersion = 10.0.40219.1
Project("{FAE04EC0-301F-11D3-BF4B-00C04F79EFBC}") = "CVApp.Server", "CVApp.Server\CVApp.Server.csproj", "{C5433DD3-0FD4-4747-B551-45CBF7482696}"
EndProject
Project("{54A90642-561A-4BB1-A94E-469ADEE60C69}") = "cvapp.client", "cvapp.client\cvapp.client.esproj", "{E48726A9-EC58-45C8-8748-48F2F39AC5EA}"
EndProject
Global
	GlobalSection(SolutionConfigurationPlatforms) = preSolution
		Debug|Any CPU = Debug|Any CPU
		Release|Any CPU = Release|Any CPU
	EndGlobalSection
	GlobalSection(ProjectConfigurationPlatforms) = postSolution
		{C5433DD3-0FD4-4747-B551-45CBF7482696}.Debug|Any CPU.ActiveCfg = Debug|Any CPU
		{C5433DD3-0FD4-4747-B551-45CBF7482696}.Debug|Any CPU.Build.0 = Debug|Any CPU
		{C5433DD3-0FD4-4747-B551-45CBF7482696}.Release|Any CPU.ActiveCfg = Release|Any CPU
		{C5433DD3-0FD4-4747-B551-45CBF7482696}.Release|Any CPU.Build.0 = Release|Any CPU
		{E48726A9-EC58-45C8-8748-48F2F39AC5EA}.Debug|Any CPU.ActiveCfg = Debug|Any CPU
		{E48726A9-EC58-45C8-8748-48F2F39AC5EA}.Debug|Any CPU.Build.0 = Debug|Any CPU
		{E48726A9-EC58-45C8-8748-48F2F39AC5EA}.Debug|Any CPU.Deploy.0 = Debug|Any CPU
		{E48726A9-EC58-45C8-8748-48F2F39AC5EA}.Release|Any CPU.ActiveCfg = Release|Any CPU
		{E48726A9-EC58-45C8-8748-48F2F39AC5EA}.Release|Any CPU.Build.0 = Release|Any CPU
		{E48726A9-EC58-45C8-8748-48F2F39AC5EA}.Release|Any CPU.Deploy.0 = Release|Any CPU
	EndGlobalSection
	GlobalSection(SolutionProperties) = preSolution
		HideSolutionNode = FALSE
	EndGlobalSection
	GlobalSection(ExtensibilityGlobals) = postSolution
		SolutionGuid = {A490425F-C317-4F21-A566-D36ED872D7AB}
	EndGlobalSection
EndGlobal
